
Microsoft Visual Studio Solution File, Format Version 12.00
# Visual Studio 15
VisualStudioVersion = 15.0.28010.2016
MinimumVisualStudioVersion = 10.0.40219.1
Project("{FAE04EC0-301F-11D3-BF4B-00C04F79EFBC}") = "SIMAMUS.Entities", "SIMAMUS.Entities\SIMAMUS.Entities.csproj", "{AB05D22E-1BA5-44FE-9814-116AF10A96D2}"
	ProjectSection(ProjectDependencies) = postProject
		{7869262E-4585-41ED-A92C-5335A5AACF18} = {7869262E-4585-41ED-A92C-5335A5AACF18}
		{833D6391-6779-4288-B7EE-11E1028399DC} = {833D6391-6779-4288-B7EE-11E1028399DC}
	EndProjectSection
EndProject
Project("{FAE04EC0-301F-11D3-BF4B-00C04F79EFBC}") = "SIMAMUS.UI", "SIMAMUS.UI\SIMAMUS.UI.csproj", "{833D6391-6779-4288-B7EE-11E1028399DC}"
EndProject
Project("{FAE04EC0-301F-11D3-BF4B-00C04F79EFBC}") = "SIMAMUS.DATOS", "SIMAMUS.DATOS\SIMAMUS.DATOS.csproj", "{7869262E-4585-41ED-A92C-5335A5AACF18}"
EndProject
Global
	GlobalSection(SolutionConfigurationPlatforms) = preSolution
		Debug|Any CPU = Debug|Any CPU
		Release|Any CPU = Release|Any CPU
	EndGlobalSection
	GlobalSection(ProjectConfigurationPlatforms) = postSolution
		{AB05D22E-1BA5-44FE-9814-116AF10A96D2}.Debug|Any CPU.ActiveCfg = Debug|Any CPU
		{AB05D22E-1BA5-44FE-9814-116AF10A96D2}.Debug|Any CPU.Build.0 = Debug|Any CPU
		{AB05D22E-1BA5-44FE-9814-116AF10A96D2}.Release|Any CPU.ActiveCfg = Release|Any CPU
		{AB05D22E-1BA5-44FE-9814-116AF10A96D2}.Release|Any CPU.Build.0 = Release|Any CPU
		{833D6391-6779-4288-B7EE-11E1028399DC}.Debug|Any CPU.ActiveCfg = Debug|Any CPU
		{833D6391-6779-4288-B7EE-11E1028399DC}.Debug|Any CPU.Build.0 = Debug|Any CPU
		{833D6391-6779-4288-B7EE-11E1028399DC}.Release|Any CPU.ActiveCfg = Release|Any CPU
		{833D6391-6779-4288-B7EE-11E1028399DC}.Release|Any CPU.Build.0 = Release|Any CPU
		{7869262E-4585-41ED-A92C-5335A5AACF18}.Debug|Any CPU.ActiveCfg = Debug|Any CPU
		{7869262E-4585-41ED-A92C-5335A5AACF18}.Debug|Any CPU.Build.0 = Debug|Any CPU
		{7869262E-4585-41ED-A92C-5335A5AACF18}.Release|Any CPU.ActiveCfg = Release|Any CPU
		{7869262E-4585-41ED-A92C-5335A5AACF18}.Release|Any CPU.Build.0 = Release|Any CPU
	EndGlobalSection
	GlobalSection(SolutionProperties) = preSolution
		HideSolutionNode = FALSE
	EndGlobalSection
	GlobalSection(ExtensibilityGlobals) = postSolution
		SolutionGuid = {57FBA72C-86E9-4108-8A4F-50FD556E7EE0}
	EndGlobalSection
EndGlobal
